<Solution>
  <Project Path="Demo_OOP_UI/Demo_OOP_UI.csproj" />
  <Project Path="DEMO_POO_Constructeur/DEMO_POO_Constructeur.csproj" Id="d854d64d-deb9-4e26-b810-6225ad67a593" />
  <Project Path="DEMO_POO_Props_Indexeurs/DEMO_POO_Props_Indexeurs.csproj" />
  <Project Path="Heritage/Heritage.csproj" />
</Solution>
